{
  "name": "typescript-practice",
  "lockfileVersion": 3,
  "requires": true,
  "packages": {
    "": {
      "dependencies": {
        "reflect-metadata": "^0.2.2"
      },
      "devDependencies": {
        "@types/reflect-metadata": "^0.0.5"
      }
    },
    "node_modules/@types/reflect-metadata": {
      "version": "0.0.5",
      "resolved": "https://registry.npmjs.org/@types/reflect-metadata/-/reflect-metadata-0.0.5.tgz",
      "integrity": "sha512-+tH+0HWHs23S4h0dl0zG8ZXIo6O9YHWOtqcOWFcBSSFS93LqIi3xfv7XXQ0eABYxXBFQxKJR49xunLNnU5he9g==",
      "dev": true,
      "license": "MIT"
    },
    "node_modules/reflect-metadata": {
      "version": "0.2.2",
      "resolved": "https://registry.npmjs.org/reflect-metadata/-/reflect-metadata-0.2.2.tgz",
      "integrity": "sha512-urBwgfrvVP/eAyXx4hluJivBKzuEbSQs9rKWCrCkbSxNv8mxPcUZKeuoF3Uy4mJl3Lwprp6yy5/39VWigZ4K6Q==",
      "license": "Apache-2.0"
    }
  }
}
